// !$*UTF8*$!
{
	archiveVersion = 1;
	classes = {
	};
	objectVersion = 46;
	objects = {

/* Begin PBXBuildFile section */
		8433A3781DFA9A100042792F /* main.m in Sources */ = {isa = PBXBuildFile; fileRef = 8433A3771DFA9A100042792F /* main.m */; };
		8433A37B1DFA9A100042792F /* AppDelegate.m in Sources */ = {isa = PBXBuildFile; fileRef = 8433A37A1DFA9A100042792F /* AppDelegate.m */; };
		8433A37E1DFA9A100042792F /* ViewController.m in Sources */ = {isa = PBXBuildFile; fileRef = 8433A37D1DFA9A100042792F /* ViewController.m */; };
		8433A3811DFA9A100042792F /* Main.storyboard in Resources */ = {isa = PBXBuildFile; fileRef = 8433A37F1DFA9A100042792F /* Main.storyboard */; };
		8433A3831DFA9A100042792F /* Assets.xcassets in Resources */ = {isa = PBXBuildFile; fileRef = 8433A3821DFA9A100042792F /* Assets.xcassets */; };
		8433A3861DFA9A100042792F /* LaunchScreen.storyboard in Resources */ = {isa = PBXBuildFile; fileRef = 8433A3841DFA9A100042792F /* LaunchScreen.storyboard */; };
		8433A3A31DFA9AA80042792F /* MJExtensionConst.m in Sources */ = {isa = PBXBuildFile; fileRef = 8433A3901DFA9AA80042792F /* MJExtensionConst.m */; };
		8433A3A41DFA9AA80042792F /* MJFoundation.m in Sources */ = {isa = PBXBuildFile; fileRef = 8433A3921DFA9AA80042792F /* MJFoundation.m */; };
		8433A3A51DFA9AA80042792F /* MJProperty.m in Sources */ = {isa = PBXBuildFile; fileRef = 8433A3941DFA9AA80042792F /* MJProperty.m */; };
		8433A3A61DFA9AA80042792F /* MJPropertyKey.m in Sources */ = {isa = PBXBuildFile; fileRef = 8433A3961DFA9AA80042792F /* MJPropertyKey.m */; };
		8433A3A71DFA9AA80042792F /* MJPropertyType.m in Sources */ = {isa = PBXBuildFile; fileRef = 8433A3981DFA9AA80042792F /* MJPropertyType.m */; };
		8433A3A81DFA9AA80042792F /* NSObject+MJClass.m in Sources */ = {isa = PBXBuildFile; fileRef = 8433A39A1DFA9AA80042792F /* NSObject+MJClass.m */; };
		8433A3A91DFA9AA80042792F /* NSObject+MJCoding.m in Sources */ = {isa = PBXBuildFile; fileRef = 8433A39C1DFA9AA80042792F /* NSObject+MJCoding.m */; };
		8433A3AA1DFA9AA80042792F /* NSObject+MJKeyValue.m in Sources */ = {isa = PBXBuildFile; fileRef = 8433A39E1DFA9AA80042792F /* NSObject+MJKeyValue.m */; };
		8433A3AB1DFA9AA80042792F /* NSObject+MJProperty.m in Sources */ = {isa = PBXBuildFile; fileRef = 8433A3A01DFA9AA80042792F /* NSObject+MJProperty.m */; };
		8433A3AC1DFA9AA80042792F /* NSString+MJExtension.m in Sources */ = {isa = PBXBuildFile; fileRef = 8433A3A21DFA9AA80042792F /* NSString+MJExtension.m */; };
		8433A3B31DFA9B680042792F /* OpenModel.m in Sources */ = {isa = PBXBuildFile; fileRef = 8433A3B21DFA9B680042792F /* OpenModel.m */; };
		848E5AB61DFD57B600365678 /* FriendController.m in Sources */ = {isa = PBXBuildFile; fileRef = 848E5AB51DFD57B600365678 /* FriendController.m */; };
		848E5AB91DFD5A5E00365678 /* KKGroup.m in Sources */ = {isa = PBXBuildFile; fileRef = 848E5AB81DFD5A5E00365678 /* KKGroup.m */; };
		848E5ABC1DFD5AB300365678 /* KKFriend.m in Sources */ = {isa = PBXBuildFile; fileRef = 848E5ABB1DFD5AB300365678 /* KKFriend.m */; };
		848E5ABF1DFD5B6C00365678 /* FriendTableViewCell.m in Sources */ = {isa = PBXBuildFile; fileRef = 848E5ABE1DFD5B6C00365678 /* FriendTableViewCell.m */; };
		848E5AC21DFD5C1600365678 /* HeaderView.m in Sources */ = {isa = PBXBuildFile; fileRef = 848E5AC11DFD5C1600365678 /* HeaderView.m */; };
		848E5AC41DFD5EDC00365678 /* friends.plist in Resources */ = {isa = PBXBuildFile; fileRef = 848E5AC31DFD5EDC00365678 /* friends.plist */; };
		84AEFC8E1DFAEC9400017D96 /* LVTabBarController.m in Sources */ = {isa = PBXBuildFile; fileRef = 84AEFC8B1DFAEC9400017D96 /* LVTabBarController.m */; };
		84AEFC8F1DFAEC9400017D96 /* UIViewExt.m in Sources */ = {isa = PBXBuildFile; fileRef = 84AEFC8D1DFAEC9400017D96 /* UIViewExt.m */; };
		84AEFC921DFAED1600017D96 /* SecondController.m in Sources */ = {isa = PBXBuildFile; fileRef = 84AEFC911DFAED1600017D96 /* SecondController.m */; };
		84AEFC941DFAEDDB00017D96 /* Address.plist in Resources */ = {isa = PBXBuildFile; fileRef = 84AEFC931DFAEDDB00017D96 /* Address.plist */; };
		84AEFC971DFAF08E00017D96 /* AddressJson.plist in Resources */ = {isa = PBXBuildFile; fileRef = 84AEFC961DFAF08E00017D96 /* AddressJson.plist */; };
		84AEFC9D1DFAFCBD00017D96 /* CityModel.m in Sources */ = {isa = PBXBuildFile; fileRef = 84AEFC9C1DFAFCBD00017D96 /* CityModel.m */; };
		84AEFCA31DFAFCE000017D96 /* ProvinceModel.m in Sources */ = {isa = PBXBuildFile; fileRef = 84AEFCA21DFAFCE000017D96 /* ProvinceModel.m */; };
		84AEFCA81DFB17AA00017D96 /* HeaderFooterView.m in Sources */ = {isa = PBXBuildFile; fileRef = 84AEFCA71DFB17AA00017D96 /* HeaderFooterView.m */; };
/* End PBXBuildFile section */

/* Begin PBXFileReference section */
		8433A3731DFA9A100042792F /* MultiLevelLink.app */ = {isa = PBXFileReference; explicitFileType = wrapper.application; includeInIndex = 0; path = MultiLevelLink.app; sourceTree = BUILT_PRODUCTS_DIR; };
		8433A3771DFA9A100042792F /* main.m */ = {isa = PBXFileReference; lastKnownFileType = sourcecode.c.objc; path = main.m; sourceTree = "<group>"; };
		8433A3791DFA9A100042792F /* AppDelegate.h */ = {isa = PBXFileReference; lastKnownFileType = sourcecode.c.h; path = AppDelegate.h; sourceTree = "<group>"; };
		8433A37A1DFA9A100042792F /* AppDelegate.m */ = {isa = PBXFileReference; lastKnownFileType = sourcecode.c.objc; path = AppDelegate.m; sourceTree = "<group>"; };
		8433A37C1DFA9A100042792F /* ViewController.h */ = {isa = PBXFileReference; lastKnownFileType = sourcecode.c.h; name = ViewController.h; path = ../../ViewController.h; sourceTree = "<group>"; };
		8433A37D1DFA9A100042792F /* ViewController.m */ = {isa = PBXFileReference; lastKnownFileType = sourcecode.c.objc; name = ViewController.m; path = ../../ViewController.m; sourceTree = "<group>"; };
		8433A3801DFA9A100042792F /* Base */ = {isa = PBXFileReference; lastKnownFileType = file.storyboard; name = Base; path = Base.lproj/Main.storyboard; sourceTree = "<group>"; };
		8433A3821DFA9A100042792F /* Assets.xcassets */ = {isa = PBXFileReference; lastKnownFileType = folder.assetcatalog; path = Assets.xcassets; sourceTree = "<group>"; };
		8433A3851DFA9A100042792F /* Base */ = {isa = PBXFileReference; lastKnownFileType = file.storyboard; name = Base; path = Base.lproj/LaunchScreen.storyboard; sourceTree = "<group>"; };
		8433A3871DFA9A100042792F /* Info.plist */ = {isa = PBXFileReference; lastKnownFileType = text.plist.xml; path = Info.plist; sourceTree = "<group>"; };
		8433A38E1DFA9AA80042792F /* MJExtension.h */ = {isa = PBXFileReference; fileEncoding = 4; lastKnownFileType = sourcecode.c.h; path = MJExtension.h; sourceTree = "<group>"; };
		8433A38F1DFA9AA80042792F /* MJExtensionConst.h */ = {isa = PBXFileReference; fileEncoding = 4; lastKnownFileType = sourcecode.c.h; path = MJExtensionConst.h; sourceTree = "<group>"; };
		8433A3901DFA9AA80042792F /* MJExtensionConst.m */ = {isa = PBXFileReference; fileEncoding = 4; lastKnownFileType = sourcecode.c.objc; path = MJExtensionConst.m; sourceTree = "<group>"; };
		8433A3911DFA9AA80042792F /* MJFoundation.h */ = {isa = PBXFileReference; fileEncoding = 4; lastKnownFileType = sourcecode.c.h; path = MJFoundation.h; sourceTree = "<group>"; };
		8433A3921DFA9AA80042792F /* MJFoundation.m */ = {isa = PBXFileReference; fileEncoding = 4; lastKnownFileType = sourcecode.c.objc; path = MJFoundation.m; sourceTree = "<group>"; };
		8433A3931DFA9AA80042792F /* MJProperty.h */ = {isa = PBXFileReference; fileEncoding = 4; lastKnownFileType = sourcecode.c.h; path = MJProperty.h; sourceTree = "<group>"; };
		8433A3941DFA9AA80042792F /* MJProperty.m */ = {isa = PBXFileReference; fileEncoding = 4; lastKnownFileType = sourcecode.c.objc; path = MJProperty.m; sourceTree = "<group>"; };
		8433A3951DFA9AA80042792F /* MJPropertyKey.h */ = {isa = PBXFileReference; fileEncoding = 4; lastKnownFileType = sourcecode.c.h; path = MJPropertyKey.h; sourceTree = "<group>"; };
		8433A3961DFA9AA80042792F /* MJPropertyKey.m */ = {isa = PBXFileReference; fileEncoding = 4; lastKnownFileType = sourcecode.c.objc; path = MJPropertyKey.m; sourceTree = "<group>"; };
		8433A3971DFA9AA80042792F /* MJPropertyType.h */ = {isa = PBXFileReference; fileEncoding = 4; lastKnownFileType = sourcecode.c.h; path = MJPropertyType.h; sourceTree = "<group>"; };
		8433A3981DFA9AA80042792F /* MJPropertyType.m */ = {isa = PBXFileReference; fileEncoding = 4; lastKnownFileType = sourcecode.c.objc; path = MJPropertyType.m; sourceTree = "<group>"; };
		8433A3991DFA9AA80042792F /* NSObject+MJClass.h */ = {isa = PBXFileReference; fileEncoding = 4; lastKnownFileType = sourcecode.c.h; path = "NSObject+MJClass.h"; sourceTree = "<group>"; };
		8433A39A1DFA9AA80042792F /* NSObject+MJClass.m */ = {isa = PBXFileReference; fileEncoding = 4; lastKnownFileType = sourcecode.c.objc; path = "NSObject+MJClass.m"; sourceTree = "<group>"; };
		8433A39B1DFA9AA80042792F /* NSObject+MJCoding.h */ = {isa = PBXFileReference; fileEncoding = 4; lastKnownFileType = sourcecode.c.h; path = "NSObject+MJCoding.h"; sourceTree = "<group>"; };
		8433A39C1DFA9AA80042792F /* NSObject+MJCoding.m */ = {isa = PBXFileReference; fileEncoding = 4; lastKnownFileType = sourcecode.c.objc; path = "NSObject+MJCoding.m"; sourceTree = "<group>"; };
		8433A39D1DFA9AA80042792F /* NSObject+MJKeyValue.h */ = {isa = PBXFileReference; fileEncoding = 4; lastKnownFileType = sourcecode.c.h; path = "NSObject+MJKeyValue.h"; sourceTree = "<group>"; };
		8433A39E1DFA9AA80042792F /* NSObject+MJKeyValue.m */ = {isa = PBXFileReference; fileEncoding = 4; lastKnownFileType = sourcecode.c.objc; path = "NSObject+MJKeyValue.m"; sourceTree = "<group>"; };
		8433A39F1DFA9AA80042792F /* NSObject+MJProperty.h */ = {isa = PBXFileReference; fileEncoding = 4; lastKnownFileType = sourcecode.c.h; path = "NSObject+MJProperty.h"; sourceTree = "<group>"; };
		8433A3A01DFA9AA80042792F /* NSObject+MJProperty.m */ = {isa = PBXFileReference; fileEncoding = 4; lastKnownFileType = sourcecode.c.objc; path = "NSObject+MJProperty.m"; sourceTree = "<group>"; };
		8433A3A11DFA9AA80042792F /* NSString+MJExtension.h */ = {isa = PBXFileReference; fileEncoding = 4; lastKnownFileType = sourcecode.c.h; path = "NSString+MJExtension.h"; sourceTree = "<group>"; };
		8433A3A21DFA9AA80042792F /* NSString+MJExtension.m */ = {isa = PBXFileReference; fileEncoding = 4; lastKnownFileType = sourcecode.c.objc; path = "NSString+MJExtension.m"; sourceTree = "<group>"; };
		8433A3B11DFA9B680042792F /* OpenModel.h */ = {isa = PBXFileReference; fileEncoding = 4; lastKnownFileType = sourcecode.c.h; path = OpenModel.h; sourceTree = "<group>"; };
		8433A3B21DFA9B680042792F /* OpenModel.m */ = {isa = PBXFileReference; fileEncoding = 4; lastKnownFileType = sourcecode.c.objc; path = OpenModel.m; sourceTree = "<group>"; };
		848E5AB41DFD57B600365678 /* FriendController.h */ = {isa = PBXFileReference; fileEncoding = 4; lastKnownFileType = sourcecode.c.h; path = FriendController.h; sourceTree = "<group>"; };
		848E5AB51DFD57B600365678 /* FriendController.m */ = {isa = PBXFileReference; fileEncoding = 4; lastKnownFileType = sourcecode.c.objc; path = FriendController.m; sourceTree = "<group>"; };
		848E5AB71DFD5A5E00365678 /* KKGroup.h */ = {isa = PBXFileReference; fileEncoding = 4; lastKnownFileType = sourcecode.c.h; path = KKGroup.h; sourceTree = "<group>"; };
		848E5AB81DFD5A5E00365678 /* KKGroup.m */ = {isa = PBXFileReference; fileEncoding = 4; lastKnownFileType = sourcecode.c.objc; path = KKGroup.m; sourceTree = "<group>"; };
		848E5ABA1DFD5AB300365678 /* KKFriend.h */ = {isa = PBXFileReference; fileEncoding = 4; lastKnownFileType = sourcecode.c.h; path = KKFriend.h; sourceTree = "<group>"; };
		848E5ABB1DFD5AB300365678 /* KKFriend.m */ = {isa = PBXFileReference; fileEncoding = 4; lastKnownFileType = sourcecode.c.objc; path = KKFriend.m; sourceTree = "<group>"; };
		848E5ABD1DFD5B6C00365678 /* FriendTableViewCell.h */ = {isa = PBXFileReference; fileEncoding = 4; lastKnownFileType = sourcecode.c.h; path = FriendTableViewCell.h; sourceTree = "<group>"; };
		848E5ABE1DFD5B6C00365678 /* FriendTableViewCell.m */ = {isa = PBXFileReference; fileEncoding = 4; lastKnownFileType = sourcecode.c.objc; path = FriendTableViewCell.m; sourceTree = "<group>"; };
		848E5AC01DFD5C1600365678 /* HeaderView.h */ = {isa = PBXFileReference; fileEncoding = 4; lastKnownFileType = sourcecode.c.h; path = HeaderView.h; sourceTree = "<group>"; };
		848E5AC11DFD5C1600365678 /* HeaderView.m */ = {isa = PBXFileReference; fileEncoding = 4; lastKnownFileType = sourcecode.c.objc; path = HeaderView.m; sourceTree = "<group>"; };
		848E5AC31DFD5EDC00365678 /* friends.plist */ = {isa = PBXFileReference; fileEncoding = 4; lastKnownFileType = text.plist.xml; path = friends.plist; sourceTree = "<group>"; };
		84AEFC8A1DFAEC9400017D96 /* LVTabBarController.h */ = {isa = PBXFileReference; fileEncoding = 4; lastKnownFileType = sourcecode.c.h; path = LVTabBarController.h; sourceTree = "<group>"; };
		84AEFC8B1DFAEC9400017D96 /* LVTabBarController.m */ = {isa = PBXFileReference; fileEncoding = 4; lastKnownFileType = sourcecode.c.objc; path = LVTabBarController.m; sourceTree = "<group>"; };
		84AEFC8C1DFAEC9400017D96 /* UIViewExt.h */ = {isa = PBXFileReference; fileEncoding = 4; lastKnownFileType = sourcecode.c.h; path = UIViewExt.h; sourceTree = "<group>"; };
		84AEFC8D1DFAEC9400017D96 /* UIViewExt.m */ = {isa = PBXFileReference; fileEncoding = 4; lastKnownFileType = sourcecode.c.objc; path = UIViewExt.m; sourceTree = "<group>"; };
		84AEFC901DFAED1600017D96 /* SecondController.h */ = {isa = PBXFileReference; fileEncoding = 4; lastKnownFileType = sourcecode.c.h; path = SecondController.h; sourceTree = "<group>"; };
		84AEFC911DFAED1600017D96 /* SecondController.m */ = {isa = PBXFileReference; fileEncoding = 4; lastKnownFileType = sourcecode.c.objc; path = SecondController.m; sourceTree = "<group>"; };
		84AEFC931DFAEDDB00017D96 /* Address.plist */ = {isa = PBXFileReference; fileEncoding = 4; lastKnownFileType = text.plist.xml; path = Address.plist; sourceTree = "<group>"; };
		84AEFC961DFAF08E00017D96 /* AddressJson.plist */ = {isa = PBXFileReference; fileEncoding = 4; lastKnownFileType = text.plist.xml; path = AddressJson.plist; sourceTree = "<group>"; };
		84AEFC9B1DFAFCBD00017D96 /* CityModel.h */ = {isa = PBXFileReference; fileEncoding = 4; lastKnownFileType = sourcecode.c.h; path = CityModel.h; sourceTree = "<group>"; };
		84AEFC9C1DFAFCBD00017D96 /* CityModel.m */ = {isa = PBXFileReference; fileEncoding = 4; lastKnownFileType = sourcecode.c.objc; path = CityModel.m; sourceTree = "<group>"; };
		84AEFCA11DFAFCE000017D96 /* ProvinceModel.h */ = {isa = PBXFileReference; fileEncoding = 4; lastKnownFileType = sourcecode.c.h; path = ProvinceModel.h; sourceTree = "<group>"; };
		84AEFCA21DFAFCE000017D96 /* ProvinceModel.m */ = {isa = PBXFileReference; fileEncoding = 4; lastKnownFileType = sourcecode.c.objc; path = ProvinceModel.m; sourceTree = "<group>"; };
		84AEFCA61DFB17AA00017D96 /* HeaderFooterView.h */ = {isa = PBXFileReference; fileEncoding = 4; lastKnownFileType = sourcecode.c.h; path = HeaderFooterView.h; sourceTree = "<group>"; };
		84AEFCA71DFB17AA00017D96 /* HeaderFooterView.m */ = {isa = PBXFileReference; fileEncoding = 4; lastKnownFileType = sourcecode.c.objc; path = HeaderFooterView.m; sourceTree = "<group>"; };
/* End PBXFileReference section */

/* Begin PBXFrameworksBuildPhase section */
		8433A3701DFA9A100042792F /* Frameworks */ = {
			isa = PBXFrameworksBuildPhase;
			buildActionMask = 2147483647;
			files = (
			);
			runOnlyForDeploymentPostprocessing = 0;
		};
/* End PBXFrameworksBuildPhase section */

/* Begin PBXGroup section */
		8433A36A1DFA9A100042792F = {
			isa = PBXGroup;
			children = (
				8433A3751DFA9A100042792F /* MultiLevelLink */,
				8433A3741DFA9A100042792F /* Products */,
			);
			sourceTree = "<group>";
		};
		8433A3741DFA9A100042792F /* Products */ = {
			isa = PBXGroup;
			children = (
				8433A3731DFA9A100042792F /* MultiLevelLink.app */,
			);
			name = Products;
			sourceTree = "<group>";
		};
		8433A3751DFA9A100042792F /* MultiLevelLink */ = {
			isa = PBXGroup;
			children = (
				8433A3AD1DFA9B460042792F /* Classes */,
				8433A38D1DFA9AA80042792F /* MJExtension */,
				8433A3791DFA9A100042792F /* AppDelegate.h */,
				8433A37A1DFA9A100042792F /* AppDelegate.m */,
				84AEFC8A1DFAEC9400017D96 /* LVTabBarController.h */,
				84AEFC8B1DFAEC9400017D96 /* LVTabBarController.m */,
				84AEFC8C1DFAEC9400017D96 /* UIViewExt.h */,
				84AEFC8D1DFAEC9400017D96 /* UIViewExt.m */,
				8433A37F1DFA9A100042792F /* Main.storyboard */,
				8433A3821DFA9A100042792F /* Assets.xcassets */,
				8433A3841DFA9A100042792F /* LaunchScreen.storyboard */,
				8433A3871DFA9A100042792F /* Info.plist */,
				8433A3761DFA9A100042792F /* Supporting Files */,
			);
			path = MultiLevelLink;
			sourceTree = "<group>";
		};
		8433A3761DFA9A100042792F /* Supporting Files */ = {
			isa = PBXGroup;
			children = (
				8433A3771DFA9A100042792F /* main.m */,
			);
			name = "Supporting Files";
			sourceTree = "<group>";
		};
		8433A38D1DFA9AA80042792F /* MJExtension */ = {
			isa = PBXGroup;
			children = (
				8433A38E1DFA9AA80042792F /* MJExtension.h */,
				8433A38F1DFA9AA80042792F /* MJExtensionConst.h */,
				8433A3901DFA9AA80042792F /* MJExtensionConst.m */,
				8433A3911DFA9AA80042792F /* MJFoundation.h */,
				8433A3921DFA9AA80042792F /* MJFoundation.m */,
				8433A3931DFA9AA80042792F /* MJProperty.h */,
				8433A3941DFA9AA80042792F /* MJProperty.m */,
				8433A3951DFA9AA80042792F /* MJPropertyKey.h */,
				8433A3961DFA9AA80042792F /* MJPropertyKey.m */,
				8433A3971DFA9AA80042792F /* MJPropertyType.h */,
				8433A3981DFA9AA80042792F /* MJPropertyType.m */,
				8433A3991DFA9AA80042792F /* NSObject+MJClass.h */,
				8433A39A1DFA9AA80042792F /* NSObject+MJClass.m */,
				8433A39B1DFA9AA80042792F /* NSObject+MJCoding.h */,
				8433A39C1DFA9AA80042792F /* NSObject+MJCoding.m */,
				8433A39D1DFA9AA80042792F /* NSObject+MJKeyValue.h */,
				8433A39E1DFA9AA80042792F /* NSObject+MJKeyValue.m */,
				8433A39F1DFA9AA80042792F /* NSObject+MJProperty.h */,
				8433A3A01DFA9AA80042792F /* NSObject+MJProperty.m */,
				8433A3A11DFA9AA80042792F /* NSString+MJExtension.h */,
				8433A3A21DFA9AA80042792F /* NSString+MJExtension.m */,
			);
			name = MJExtension;
			path = Lib/MJExtension;
			sourceTree = "<group>";
		};
		8433A3AD1DFA9B460042792F /* Classes */ = {
			isa = PBXGroup;
			children = (
				8433A3AE1DFA9B460042792F /* Controller */,
				8433A3AF1DFA9B460042792F /* Model */,
				8433A3B01DFA9B460042792F /* View */,
			);
			path = Classes;
			sourceTree = "<group>";
		};
		8433A3AE1DFA9B460042792F /* Controller */ = {
			isa = PBXGroup;
			children = (
				8433A37C1DFA9A100042792F /* ViewController.h */,
				8433A37D1DFA9A100042792F /* ViewController.m */,
				84AEFC901DFAED1600017D96 /* SecondController.h */,
				84AEFC911DFAED1600017D96 /* SecondController.m */,
				848E5AB41DFD57B600365678 /* FriendController.h */,
				848E5AB51DFD57B600365678 /* FriendController.m */,
			);
			path = Controller;
			sourceTree = "<group>";
		};
		8433A3AF1DFA9B460042792F /* Model */ = {
			isa = PBXGroup;
			children = (
				84AEFC931DFAEDDB00017D96 /* Address.plist */,
				84AEFC961DFAF08E00017D96 /* AddressJson.plist */,
				848E5AC31DFD5EDC00365678 /* friends.plist */,
				84AEFCA11DFAFCE000017D96 /* ProvinceModel.h */,
				84AEFCA21DFAFCE000017D96 /* ProvinceModel.m */,
				84AEFC9B1DFAFCBD00017D96 /* CityModel.h */,
				84AEFC9C1DFAFCBD00017D96 /* CityModel.m */,
				848E5AB71DFD5A5E00365678 /* KKGroup.h */,
				848E5AB81DFD5A5E00365678 /* KKGroup.m */,
				848E5ABA1DFD5AB300365678 /* KKFriend.h */,
				848E5ABB1DFD5AB300365678 /* KKFriend.m */,
			);
			path = Model;
			sourceTree = "<group>";
		};
		8433A3B01DFA9B460042792F /* View */ = {
			isa = PBXGroup;
			children = (
				84AEFCA61DFB17AA00017D96 /* HeaderFooterView.h */,
				84AEFCA71DFB17AA00017D96 /* HeaderFooterView.m */,
				848E5ABD1DFD5B6C00365678 /* FriendTableViewCell.h */,
				848E5ABE1DFD5B6C00365678 /* FriendTableViewCell.m */,
				8433A3B11DFA9B680042792F /* OpenModel.h */,
				8433A3B21DFA9B680042792F /* OpenModel.m */,
				848E5AC01DFD5C1600365678 /* HeaderView.h */,
				848E5AC11DFD5C1600365678 /* HeaderView.m */,
			);
			path = View;
			sourceTree = "<group>";
		};
/* End PBXGroup section */

/* Begin PBXNativeTarget section */
		8433A3721DFA9A100042792F /* MultiLevelLink */ = {
			isa = PBXNativeTarget;
			buildConfigurationList = 8433A38A1DFA9A100042792F /* Build configuration list for PBXNativeTarget "MultiLevelLink" */;
			buildPhases = (
				8433A36F1DFA9A100042792F /* Sources */,
				8433A3701DFA9A100042792F /* Frameworks */,
				8433A3711DFA9A100042792F /* Resources */,
			);
			buildRules = (
			);
			dependencies = (
			);
			name = MultiLevelLink;
			productName = MultiLevelLink;
			productReference = 8433A3731DFA9A100042792F /* MultiLevelLink.app */;
			productType = "com.apple.product-type.application";
		};
/* End PBXNativeTarget section */

/* Begin PBXProject section */
		8433A36B1DFA9A100042792F /* Project object */ = {
			isa = PBXProject;
			attributes = {
				LastUpgradeCheck = 0810;
				ORGANIZATIONNAME = KH;
				TargetAttributes = {
					8433A3721DFA9A100042792F = {
						CreatedOnToolsVersion = 8.1;
						DevelopmentTeam = L757434SAR;
						ProvisioningStyle = Automatic;
					};
				};
			};
			buildConfigurationList = 8433A36E1DFA9A100042792F /* Build configuration list for PBXProject "MultiLevelLink" */;
			compatibilityVersion = "Xcode 3.2";
			developmentRegion = English;
			hasScannedForEncodings = 0;
			knownRegions = (
				en,
				Base,
			);
			mainGroup = 8433A36A1DFA9A100042792F;
			productRefGroup = 8433A3741DFA9A100042792F /* Products */;
			projectDirPath = "";
			projectRoot = "";
			targets = (
				8433A3721DFA9A100042792F /* MultiLevelLink */,
			);
		};
/* End PBXProject section */

/* Begin PBXResourcesBuildPhase section */
		8433A3711DFA9A100042792F /* Resources */ = {
			isa = PBXResourcesBuildPhase;
			buildActionMask = 2147483647;
			files = (
				8433A3861DFA9A100042792F /* LaunchScreen.storyboard in Resources */,
				84AEFC941DFAEDDB00017D96 /* Address.plist in Resources */,
				848E5AC41DFD5EDC00365678 /* friends.plist in Resources */,
				8433A3831DFA9A100042792F /* Assets.xcassets in Resources */,
				84AEFC971DFAF08E00017D96 /* AddressJson.plist in Resources */,
				8433A3811DFA9A100042792F /* Main.storyboard in Resources */,
			);
			runOnlyForDeploymentPostprocessing = 0;
		};
/* End PBXResourcesBuildPhase section */

/* Begin PBXSourcesBuildPhase section */
		8433A36F1DFA9A100042792F /* Sources */ = {
			isa = PBXSourcesBuildPhase;
			buildActionMask = 2147483647;
			files = (
				84AEFC8F1DFAEC9400017D96 /* UIViewExt.m in Sources */,
				848E5AC21DFD5C1600365678 /* HeaderView.m in Sources */,
				84AEFC8E1DFAEC9400017D96 /* LVTabBarController.m in Sources */,
				8433A3A81DFA9AA80042792F /* NSObject+MJClass.m in Sources */,
				8433A3A31DFA9AA80042792F /* MJExtensionConst.m in Sources */,
				8433A3A71DFA9AA80042792F /* MJPropertyType.m in Sources */,
				8433A3A61DFA9AA80042792F /* MJPropertyKey.m in Sources */,
				8433A3AA1DFA9AA80042792F /* NSObject+MJKeyValue.m in Sources */,
				8433A3A91DFA9AA80042792F /* NSObject+MJCoding.m in Sources */,
				8433A3AC1DFA9AA80042792F /* NSString+MJExtension.m in Sources */,
				8433A3A51DFA9AA80042792F /* MJProperty.m in Sources */,
				848E5AB61DFD57B600365678 /* FriendController.m in Sources */,
				8433A3AB1DFA9AA80042792F /* NSObject+MJProperty.m in Sources */,
				8433A37E1DFA9A100042792F /* ViewController.m in Sources */,
				8433A37B1DFA9A100042792F /* AppDelegate.m in Sources */,
				84AEFC9D1DFAFCBD00017D96 /* CityModel.m in Sources */,
				8433A3B31DFA9B680042792F /* OpenModel.m in Sources */,
				84AEFC921DFAED1600017D96 /* SecondController.m in Sources */,
				84AEFCA81DFB17AA00017D96 /* HeaderFooterView.m in Sources */,
				84AEFCA31DFAFCE000017D96 /* ProvinceModel.m in Sources */,
				848E5ABF1DFD5B6C00365678 /* FriendTableViewCell.m in Sources */,
				848E5AB91DFD5A5E00365678 /* KKGroup.m in Sources */,
				8433A3A41DFA9AA80042792F /* MJFoundation.m in Sources */,
				848E5ABC1DFD5AB300365678 /* KKFriend.m in Sources */,
				8433A3781DFA9A100042792F /* main.m in Sources */,
			);
			runOnlyForDeploymentPostprocessing = 0;
		};
/* End PBXSourcesBuildPhase section */

/* Begin PBXVariantGroup section */
		8433A37F1DFA9A100042792F /* Main.storyboard */ = {
			isa = PBXVariantGroup;
			children = (
				8433A3801DFA9A100042792F /* Base */,
			);
			name = Main.storyboard;
			sourceTree = "<group>";
		};
		8433A3841DFA9A100042792F /* LaunchScreen.storyboard */ = {
			isa = PBXVariantGroup;
			children = (
				8433A3851DFA9A100042792F /* Base */,
			);
			name = LaunchScreen.storyboard;
			sourceTree = "<group>";
		};
/* End PBXVariantGroup section */

/* Begin XCBuildConfiguration section */
		8433A3881DFA9A100042792F /* Debug */ = {
			isa = XCBuildConfiguration;
			buildSettings = {
				ALWAYS_SEARCH_USER_PATHS = NO;
				CLANG_ANALYZER_NONNULL = YES;
				CLANG_CXX_LANGUAGE_STANDARD = "gnu++0x";
				CLANG_CXX_LIBRARY = "libc++";
				CLANG_ENABLE_MODULES = YES;
				CLANG_ENABLE_OBJC_ARC = YES;
				CLANG_WARN_BOOL_CONVERSION = YES;
				CLANG_WARN_CONSTANT_CONVERSION = YES;
				CLANG_WARN_DIRECT_OBJC_ISA_USAGE = YES_ERROR;
				CLANG_WARN_DOCUMENTATION_COMMENTS = YES;
				CLANG_WARN_EMPTY_BODY = YES;
				CLANG_WARN_ENUM_CONVERSION = YES;
				CLANG_WARN_INFINITE_RECURSION = YES;
				CLANG_WARN_INT_CONVERSION = YES;
				CLANG_WARN_OBJC_ROOT_CLASS = YES_ERROR;
				CLANG_WARN_SUSPICIOUS_MOVES = YES;
				CLANG_WARN_UNREACHABLE_CODE = YES;
				CLANG_WARN__DUPLICATE_METHOD_MATCH = YES;
				"CODE_SIGN_IDENTITY[sdk=iphoneos*]" = "iPhone Developer";
				COPY_PHASE_STRIP = NO;
				DEBUG_INFORMATION_FORMAT = dwarf;
				ENABLE_STRICT_OBJC_MSGSEND = YES;
				ENABLE_TESTABILITY = YES;
				GCC_C_LANGUAGE_STANDARD = gnu99;
				GCC_DYNAMIC_NO_PIC = NO;
				GCC_NO_COMMON_BLOCKS = YES;
				GCC_OPTIMIZATION_LEVEL = 0;
				GCC_PREPROCESSOR_DEFINITIONS = (
					"DEBUG=1",
					"$(inherited)",
				);
				GCC_WARN_64_TO_32_BIT_CONVERSION = YES;
				GCC_WARN_ABOUT_RETURN_TYPE = YES_ERROR;
				GCC_WARN_UNDECLARED_SELECTOR = YES;
				GCC_WARN_UNINITIALIZED_AUTOS = YES_AGGRESSIVE;
				GCC_WARN_UNUSED_FUNCTION = YES;
				GCC_WARN_UNUSED_VARIABLE = YES;
				IPHONEOS_DEPLOYMENT_TARGET = 10.1;
				MTL_ENABLE_DEBUG_INFO = YES;
				ONLY_ACTIVE_ARCH = YES;
				SDKROOT = iphoneos;
				TARGETED_DEVICE_FAMILY = "1,2";
			};
			name = Debug;
		};
		8433A3891DFA9A100042792F /* Release */ = {
			isa = XCBuildConfiguration;
			buildSettings = {
				ALWAYS_SEARCH_USER_PATHS = NO;
				CLANG_ANALYZER_NONNULL = YES;
				CLANG_CXX_LANGUAGE_STANDARD = "gnu++0x";
				CLANG_CXX_LIBRARY = "libc++";
				CLANG_ENABLE_MODULES = YES;
				CLANG_ENABLE_OBJC_ARC = YES;
				CLANG_WARN_BOOL_CONVERSION = YES;
				CLANG_WARN_CONSTANT_CONVERSION = YES;
				CLANG_WARN_DIRECT_OBJC_ISA_USAGE = YES_ERROR;
				CLANG_WARN_DOCUMENTATION_COMMENTS = YES;
				CLANG_WARN_EMPTY_BODY = YES;
				CLANG_WARN_ENUM_CONVERSION = YES;
				CLANG_WARN_INFINITE_RECURSION = YES;
				CLANG_WARN_INT_CONVERSION = YES;
				CLANG_WARN_OBJC_ROOT_CLASS = YES_ERROR;
				CLANG_WARN_SUSPICIOUS_MOVES = YES;
				CLANG_WARN_UNREACHABLE_CODE = YES;
				CLANG_WARN__DUPLICATE_METHOD_MATCH = YES;
				"CODE_SIGN_IDENTITY[sdk=iphoneos*]" = "iPhone Developer";
				COPY_PHASE_STRIP = NO;
				DEBUG_INFORMATION_FORMAT = "dwarf-with-dsym";
				ENABLE_NS_ASSERTIONS = NO;
				ENABLE_STRICT_OBJC_MSGSEND = YES;
				GCC_C_LANGUAGE_STANDARD = gnu99;
				GCC_NO_COMMON_BLOCKS = YES;
				GCC_WARN_64_TO_32_BIT_CONVERSION = YES;
				GCC_WARN_ABOUT_RETURN_TYPE = YES_ERROR;
				GCC_WARN_UNDECLARED_SELECTOR = YES;
				GCC_WARN_UNINITIALIZED_AUTOS = YES_AGGRESSIVE;
				GCC_WARN_UNUSED_FUNCTION = YES;
				GCC_WARN_UNUSED_VARIABLE = YES;
				IPHONEOS_DEPLOYMENT_TARGET = 10.1;
				MTL_ENABLE_DEBUG_INFO = NO;
				SDKROOT = iphoneos;
				TARGETED_DEVICE_FAMILY = "1,2";
				VALIDATE_PRODUCT = YES;
			};
			name = Release;
		};
		8433A38B1DFA9A100042792F /* Debug */ = {
			isa = XCBuildConfiguration;
			buildSettings = {
				ASSETCATALOG_COMPILER_APPICON_NAME = AppIcon;
				DEVELOPMENT_TEAM = L757434SAR;
				INFOPLIST_FILE = MultiLevelLink/Info.plist;
				IPHONEOS_DEPLOYMENT_TARGET = 10.0;
				LD_RUNPATH_SEARCH_PATHS = "$(inherited) @executable_path/Frameworks";
				PRODUCT_BUNDLE_IDENTIFIER = "com.KauriHealth.Kauri-Dev";
				PRODUCT_NAME = "$(TARGET_NAME)";
			};
			name = Debug;
		};
		8433A38C1DFA9A100042792F /* Release */ = {
			isa = XCBuildConfiguration;
			buildSettings = {
				ASSETCATALOG_COMPILER_APPICON_NAME = AppIcon;
				DEVELOPMENT_TEAM = L757434SAR;
				INFOPLIST_FILE = MultiLevelLink/Info.plist;
				IPHONEOS_DEPLOYMENT_TARGET = 10.0;
				LD_RUNPATH_SEARCH_PATHS = "$(inherited) @executable_path/Frameworks";
				PRODUCT_BUNDLE_IDENTIFIER = "com.KauriHealth.Kauri-Dev";
				PRODUCT_NAME = "$(TARGET_NAME)";
			};
			name = Release;
		};
/* End XCBuildConfiguration section */

/* Begin XCConfigurationList section */
		8433A36E1DFA9A100042792F /* Build configuration list for PBXProject "MultiLevelLink" */ = {
			isa = XCConfigurationList;
			buildConfigurations = (
				8433A3881DFA9A100042792F /* Debug */,
				8433A3891DFA9A100042792F /* Release */,
			);
			defaultConfigurationIsVisible = 0;
			defaultConfigurationName = Release;
		};
		8433A38A1DFA9A100042792F /* Build configuration list for PBXNativeTarget "MultiLevelLink" */ = {
			isa = XCConfigurationList;
			buildConfigurations = (
				8433A38B1DFA9A100042792F /* Debug */,
				8433A38C1DFA9A100042792F /* Release */,
			);
			defaultConfigurationIsVisible = 0;
			defaultConfigurationName = Release;
		};
/* End XCConfigurationList section */
	};
	rootObject = 8433A36B1DFA9A100042792F /* Project object */;
}
